
Microsoft Visual Studio Solution File, Format Version 12.00
# Visual Studio Version 16
VisualStudioVersion = 16.0.31025.194
MinimumVisualStudioVersion = 10.0.40219.1
Project("{FAE04EC0-301F-11D3-BF4B-00C04F79EFBC}") = "Adoption.Domain", "AdoptionDomain\Adoption.Domain.csproj", "{993334BA-CFA6-45B2-AEFF-EA413D2A3813}"
EndProject
Project("{FAE04EC0-301F-11D3-BF4B-00C04F79EFBC}") = "Adoption.Application", "AdoptionaApplication\Adoption.Application.csproj", "{B408F803-9B0E-4BEF-B54F-F7F6C53FCB4B}"
EndProject
Project("{FAE04EC0-301F-11D3-BF4B-00C04F79EFBC}") = "Adopt.UI", "Adopt\Adopt.UI.csproj", "{2EA785A2-2F7B-4ECD-A51A-54E78F78490C}"
EndProject
Global
	GlobalSection(SolutionConfigurationPlatforms) = preSolution
		Debug|Any CPU = Debug|Any CPU
		Release|Any CPU = Release|Any CPU
	EndGlobalSection
	GlobalSection(ProjectConfigurationPlatforms) = postSolution
		{993334BA-CFA6-45B2-AEFF-EA413D2A3813}.Debug|Any CPU.ActiveCfg = Debug|Any CPU
		{993334BA-CFA6-45B2-AEFF-EA413D2A3813}.Debug|Any CPU.Build.0 = Debug|Any CPU
		{993334BA-CFA6-45B2-AEFF-EA413D2A3813}.Release|Any CPU.ActiveCfg = Release|Any CPU
		{993334BA-CFA6-45B2-AEFF-EA413D2A3813}.Release|Any CPU.Build.0 = Release|Any CPU
		{B408F803-9B0E-4BEF-B54F-F7F6C53FCB4B}.Debug|Any CPU.ActiveCfg = Debug|Any CPU
		{B408F803-9B0E-4BEF-B54F-F7F6C53FCB4B}.Debug|Any CPU.Build.0 = Debug|Any CPU
		{B408F803-9B0E-4BEF-B54F-F7F6C53FCB4B}.Release|Any CPU.ActiveCfg = Release|Any CPU
		{B408F803-9B0E-4BEF-B54F-F7F6C53FCB4B}.Release|Any CPU.Build.0 = Release|Any CPU
		{2EA785A2-2F7B-4ECD-A51A-54E78F78490C}.Debug|Any CPU.ActiveCfg = Debug|Any CPU
		{2EA785A2-2F7B-4ECD-A51A-54E78F78490C}.Debug|Any CPU.Build.0 = Debug|Any CPU
		{2EA785A2-2F7B-4ECD-A51A-54E78F78490C}.Release|Any CPU.ActiveCfg = Release|Any CPU
		{2EA785A2-2F7B-4ECD-A51A-54E78F78490C}.Release|Any CPU.Build.0 = Release|Any CPU
	EndGlobalSection
	GlobalSection(SolutionProperties) = preSolution
		HideSolutionNode = FALSE
	EndGlobalSection
	GlobalSection(ExtensibilityGlobals) = postSolution
		SolutionGuid = {8CB0960C-9C7D-4995-AEDD-0706A4A97394}
	EndGlobalSection
EndGlobal
